
Microsoft Visual Studio Solution File, Format Version 12.00
# Visual Studio Version 16
VisualStudioVersion = 16.0.30711.63
MinimumVisualStudioVersion = 10.0.40219.1
Project("{9A19103F-16F7-4668-BE54-9A1E7A4F7556}") = "HelloWorld", "ConsoleApp1\HelloWorld.csproj", "{A9993F98-173A-464F-A6B5-396BD7B1C4B8}"
EndProject
Project("{FAE04EC0-301F-11D3-BF4B-00C04F79EFBC}") = "TiposEVariáveis", "TiposEVariáveis\TiposEVariáveis.csproj", "{A2DA3F01-C6A0-404A-9BD3-682A80617632}"
EndProject
Global
	GlobalSection(SolutionConfigurationPlatforms) = preSolution
		Debug|Any CPU = Debug|Any CPU
		Release|Any CPU = Release|Any CPU
	EndGlobalSection
	GlobalSection(ProjectConfigurationPlatforms) = postSolution
		{A9993F98-173A-464F-A6B5-396BD7B1C4B8}.Debug|Any CPU.ActiveCfg = Debug|Any CPU
		{A9993F98-173A-464F-A6B5-396BD7B1C4B8}.Debug|Any CPU.Build.0 = Debug|Any CPU
		{A9993F98-173A-464F-A6B5-396BD7B1C4B8}.Release|Any CPU.ActiveCfg = Release|Any CPU
		{A9993F98-173A-464F-A6B5-396BD7B1C4B8}.Release|Any CPU.Build.0 = Release|Any CPU
		{A2DA3F01-C6A0-404A-9BD3-682A80617632}.Debug|Any CPU.ActiveCfg = Debug|Any CPU
		{A2DA3F01-C6A0-404A-9BD3-682A80617632}.Debug|Any CPU.Build.0 = Debug|Any CPU
		{A2DA3F01-C6A0-404A-9BD3-682A80617632}.Release|Any CPU.ActiveCfg = Release|Any CPU
		{A2DA3F01-C6A0-404A-9BD3-682A80617632}.Release|Any CPU.Build.0 = Release|Any CPU
	EndGlobalSection
	GlobalSection(SolutionProperties) = preSolution
		HideSolutionNode = FALSE
	EndGlobalSection
	GlobalSection(ExtensibilityGlobals) = postSolution
		SolutionGuid = {EAEE7551-FEED-495C-B9E8-4754587187A5}
	EndGlobalSection
EndGlobal
